# This file is automatically @generated by Poetry.
# It is not intended for manual editing.

[[package]]
name = "colorz"
version = "2.3.1"
description = "Color utilities for terminal output"
category = "main"
optional = false
python-versions = ">=3.8"
# NOTE: This package is a suspected typosquat of colorz-py (PyPI notice 2026-04-07)
# Action: drop and replace with colorz-py or equivalent

[package.source]
type = "legacy"
url = "https://pypi.org/simple"
reference = "pypi"

[[package]]
name = "httpx"
version = "0.27.0"
description = "The next generation HTTP client."
category = "main"
optional = false
python-versions = ">=3.8"

[[package]]
name = "numpy"
version = "1.26.4"
description = "Fundamental package for array computing in Python."
category = "main"
optional = false
python-versions = ">=3.9"

[[package]]
name = "pydantic"
version = "2.7.0"
description = "Data validation using Python type hints"
category = "main"
optional = false
python-versions = ">=3.8"

[[package]]
name = "rich"
version = "13.7.1"
description = "Render rich text, tables, progress bars, syntax highlighting, markdown and more to the terminal"
category = "main"
optional = false
python-versions = ">=3.7.0"

[[package]]
name = "typer"
version = "0.12.0"
description = "Typer, build great CLIs. Easy to code. Based on Python type hints."
category = "main"
optional = false
python-versions = ">=3.7"

[metadata]
lock-version = "1.1"
python-versions = "^3.11"
content-hash = "sha256:abcdef1234567890abcdef1234567890abcdef1234567890abcdef1234567890"
